// !$*UTF8*$!
{
	archiveVersion = 1;
	classes = {
	};
	objectVersion = 52;
	objects = {

/* Begin PBXBuildFile section */
		6340A296249D393F0082C99B /* MunchkinViewController.swift in Sources */ = {isa = PBXBuildFile; fileRef = 6340A295249D393F0082C99B /* MunchkinViewController.swift */; };
		636A9BDC254F5E9B0006EF83 /* Realm in Frameworks */ = {isa = PBXBuildFile; productRef = 636A9BDB254F5E9B0006EF83 /* Realm */; };
		636A9BDE254F5E9B0006EF83 /* RealmSwift in Frameworks */ = {isa = PBXBuildFile; productRef = 636A9BDD254F5E9B0006EF83 /* RealmSwift */; };
		636A9BE2254F64B70006EF83 /* Alamofire in Frameworks */ = {isa = PBXBuildFile; productRef = 636A9BE1254F64B70006EF83 /* Alamofire */; };
		63A18F2124B141F000572A87 /* MonopolyViewController.swift in Sources */ = {isa = PBXBuildFile; fileRef = 63A18F2024B141F000572A87 /* MonopolyViewController.swift */; };
		63A18F2324B1420000572A87 /* Database.swift in Sources */ = {isa = PBXBuildFile; fileRef = 63A18F2224B1420000572A87 /* Database.swift */; };
		63A18F2524B142AA00572A87 /* MafiaViewController.swift in Sources */ = {isa = PBXBuildFile; fileRef = 63A18F2424B142AA00572A87 /* MafiaViewController.swift */; };
		63A18F2724B1431300572A87 /* RootViewController.swift in Sources */ = {isa = PBXBuildFile; fileRef = 63A18F2624B1431300572A87 /* RootViewController.swift */; };
		63A9AF5A2548B35600FB2006 /* Network.swift in Sources */ = {isa = PBXBuildFile; fileRef = 63A9AF592548B35600FB2006 /* Network.swift */; };
		63D7FC8924D71509001E81DC /* GamesTableViewCell.swift in Sources */ = {isa = PBXBuildFile; fileRef = 63D7FC8824D71509001E81DC /* GamesTableViewCell.swift */; };
		63E6AD792527847C00F33C0B /* Logic.swift in Sources */ = {isa = PBXBuildFile; fileRef = 63E6AD782527847C00F33C0B /* Logic.swift */; };
		63FDD7AB2450F6780073AAE5 /* AppDelegate.swift in Sources */ = {isa = PBXBuildFile; fileRef = 63FDD7AA2450F6780073AAE5 /* AppDelegate.swift */; };
		63FDD7AD2450F6780073AAE5 /* SceneDelegate.swift in Sources */ = {isa = PBXBuildFile; fileRef = 63FDD7AC2450F6780073AAE5 /* SceneDelegate.swift */; };
		63FDD7AF2450F6780073AAE5 /* GamesViewController.swift in Sources */ = {isa = PBXBuildFile; fileRef = 63FDD7AE2450F6780073AAE5 /* GamesViewController.swift */; };
		63FDD7B22450F6780073AAE5 /* Main.storyboard in Resources */ = {isa = PBXBuildFile; fileRef = 63FDD7B02450F6780073AAE5 /* Main.storyboard */; };
		63FDD7B42450F67D0073AAE5 /* Assets.xcassets in Resources */ = {isa = PBXBuildFile; fileRef = 63FDD7B32450F67D0073AAE5 /* Assets.xcassets */; };
		63FDD7B72450F67D0073AAE5 /* LaunchScreen.storyboard in Resources */ = {isa = PBXBuildFile; fileRef = 63FDD7B52450F67D0073AAE5 /* LaunchScreen.storyboard */; };
/* End PBXBuildFile section */

/* Begin PBXFileReference section */
		6340A295249D393F0082C99B /* MunchkinViewController.swift */ = {isa = PBXFileReference; lastKnownFileType = sourcecode.swift; path = MunchkinViewController.swift; sourceTree = "<group>"; };
		63A18F2024B141F000572A87 /* MonopolyViewController.swift */ = {isa = PBXFileReference; lastKnownFileType = sourcecode.swift; path = MonopolyViewController.swift; sourceTree = "<group>"; };
		63A18F2224B1420000572A87 /* Database.swift */ = {isa = PBXFileReference; lastKnownFileType = sourcecode.swift; path = Database.swift; sourceTree = "<group>"; };
		63A18F2424B142AA00572A87 /* MafiaViewController.swift */ = {isa = PBXFileReference; lastKnownFileType = sourcecode.swift; path = MafiaViewController.swift; sourceTree = "<group>"; };
		63A18F2624B1431300572A87 /* RootViewController.swift */ = {isa = PBXFileReference; lastKnownFileType = sourcecode.swift; path = RootViewController.swift; sourceTree = "<group>"; };
		63A9AF592548B35600FB2006 /* Network.swift */ = {isa = PBXFileReference; lastKnownFileType = sourcecode.swift; path = Network.swift; sourceTree = "<group>"; };
		63D7FC8824D71509001E81DC /* GamesTableViewCell.swift */ = {isa = PBXFileReference; lastKnownFileType = sourcecode.swift; path = GamesTableViewCell.swift; sourceTree = "<group>"; };
		63E6AD782527847C00F33C0B /* Logic.swift */ = {isa = PBXFileReference; lastKnownFileType = sourcecode.swift; path = Logic.swift; sourceTree = "<group>"; };
		63FDD7A72450F6780073AAE5 /* MCChin.app */ = {isa = PBXFileReference; explicitFileType = wrapper.application; includeInIndex = 0; path = MCChin.app; sourceTree = BUILT_PRODUCTS_DIR; };
		63FDD7AA2450F6780073AAE5 /* AppDelegate.swift */ = {isa = PBXFileReference; lastKnownFileType = sourcecode.swift; path = AppDelegate.swift; sourceTree = "<group>"; };
		63FDD7AC2450F6780073AAE5 /* SceneDelegate.swift */ = {isa = PBXFileReference; lastKnownFileType = sourcecode.swift; path = SceneDelegate.swift; sourceTree = "<group>"; };
		63FDD7AE2450F6780073AAE5 /* GamesViewController.swift */ = {isa = PBXFileReference; lastKnownFileType = sourcecode.swift; path = GamesViewController.swift; sourceTree = "<group>"; };
		63FDD7B12450F6780073AAE5 /* Base */ = {isa = PBXFileReference; lastKnownFileType = file.storyboard; name = Base; path = Base.lproj/Main.storyboard; sourceTree = "<group>"; };
		63FDD7B32450F67D0073AAE5 /* Assets.xcassets */ = {isa = PBXFileReference; lastKnownFileType = folder.assetcatalog; path = Assets.xcassets; sourceTree = "<group>"; };
		63FDD7B62450F67D0073AAE5 /* Base */ = {isa = PBXFileReference; lastKnownFileType = file.storyboard; name = Base; path = Base.lproj/LaunchScreen.storyboard; sourceTree = "<group>"; };
		63FDD7B82450F67D0073AAE5 /* Info.plist */ = {isa = PBXFileReference; lastKnownFileType = text.plist.xml; path = Info.plist; sourceTree = "<group>"; };
/* End PBXFileReference section */

/* Begin PBXFrameworksBuildPhase section */
		63FDD7A42450F6780073AAE5 /* Frameworks */ = {
			isa = PBXFrameworksBuildPhase;
			buildActionMask = 2147483647;
			files = (
				636A9BE2254F64B70006EF83 /* Alamofire in Frameworks */,
				636A9BDE254F5E9B0006EF83 /* RealmSwift in Frameworks */,
				636A9BDC254F5E9B0006EF83 /* Realm in Frameworks */,
			);
			runOnlyForDeploymentPostprocessing = 0;
		};
/* End PBXFrameworksBuildPhase section */

/* Begin PBXGroup section */
		63F521AC24B1487500314951 /* Model */ = {
			isa = PBXGroup;
			children = (
				63A18F2224B1420000572A87 /* Database.swift */,
				63E6AD782527847C00F33C0B /* Logic.swift */,
			);
			path = Model;
			sourceTree = "<group>";
		};
		63F521AE24B1488A00314951 /* Controller */ = {
			isa = PBXGroup;
			children = (
				63A18F2624B1431300572A87 /* RootViewController.swift */,
				63FDD7AE2450F6780073AAE5 /* GamesViewController.swift */,
				63D7FC8824D71509001E81DC /* GamesTableViewCell.swift */,
				6340A295249D393F0082C99B /* MunchkinViewController.swift */,
				63A18F2024B141F000572A87 /* MonopolyViewController.swift */,
				63A18F2424B142AA00572A87 /* MafiaViewController.swift */,
				63A9AF592548B35600FB2006 /* Network.swift */,
			);
			path = Controller;
			sourceTree = "<group>";
		};
		63F521B024B2318D00314951 /* Resources */ = {
			isa = PBXGroup;
			children = (
				63FDD7AA2450F6780073AAE5 /* AppDelegate.swift */,
				63FDD7AC2450F6780073AAE5 /* SceneDelegate.swift */,
				63FDD7B32450F67D0073AAE5 /* Assets.xcassets */,
			);
			path = Resources;
			sourceTree = "<group>";
		};
		63F521B124B2322000314951 /* View */ = {
			isa = PBXGroup;
			children = (
				63FDD7B02450F6780073AAE5 /* Main.storyboard */,
				63FDD7B52450F67D0073AAE5 /* LaunchScreen.storyboard */,
			);
			path = View;
			sourceTree = "<group>";
		};
		63FDD79E2450F6780073AAE5 = {
			isa = PBXGroup;
			children = (
				63FDD7A92450F6780073AAE5 /* MCChin */,
				63FDD7A82450F6780073AAE5 /* Products */,
			);
			sourceTree = "<group>";
		};
		63FDD7A82450F6780073AAE5 /* Products */ = {
			isa = PBXGroup;
			children = (
				63FDD7A72450F6780073AAE5 /* MCChin.app */,
			);
			name = Products;
			sourceTree = "<group>";
		};
		63FDD7A92450F6780073AAE5 /* MCChin */ = {
			isa = PBXGroup;
			children = (
				63F521B024B2318D00314951 /* Resources */,
				63F521B124B2322000314951 /* View */,
				63F521AE24B1488A00314951 /* Controller */,
				63F521AC24B1487500314951 /* Model */,
				63FDD7B82450F67D0073AAE5 /* Info.plist */,
			);
			path = MCChin;
			sourceTree = "<group>";
		};
/* End PBXGroup section */

/* Begin PBXNativeTarget section */
		63FDD7A62450F6780073AAE5 /* MCChin */ = {
			isa = PBXNativeTarget;
			buildConfigurationList = 63FDD7BB2450F67D0073AAE5 /* Build configuration list for PBXNativeTarget "MCChin" */;
			buildPhases = (
				63FDD7A32450F6780073AAE5 /* Sources */,
				63FDD7A42450F6780073AAE5 /* Frameworks */,
				63FDD7A52450F6780073AAE5 /* Resources */,
			);
			buildRules = (
			);
			dependencies = (
			);
			name = MCChin;
			packageProductDependencies = (
				636A9BDB254F5E9B0006EF83 /* Realm */,
				636A9BDD254F5E9B0006EF83 /* RealmSwift */,
				636A9BE1254F64B70006EF83 /* Alamofire */,
			);
			productName = MCChin;
			productReference = 63FDD7A72450F6780073AAE5 /* MCChin.app */;
			productType = "com.apple.product-type.application";
		};
/* End PBXNativeTarget section */

/* Begin PBXProject section */
		63FDD79F2450F6780073AAE5 /* Project object */ = {
			isa = PBXProject;
			attributes = {
				LastSwiftUpdateCheck = 1140;
				LastUpgradeCheck = 1200;
				ORGANIZATIONNAME = "PAPUNIDIS DEVELOPMENT";
				TargetAttributes = {
					63FDD7A62450F6780073AAE5 = {
						CreatedOnToolsVersion = 11.4.1;
					};
				};
			};
			buildConfigurationList = 63FDD7A22450F6780073AAE5 /* Build configuration list for PBXProject "MCChin" */;
			compatibilityVersion = "Xcode 9.3";
			developmentRegion = en;
			hasScannedForEncodings = 0;
			knownRegions = (
				en,
				Base,
			);
			mainGroup = 63FDD79E2450F6780073AAE5;
			packageReferences = (
				636A9BDA254F5E9B0006EF83 /* XCRemoteSwiftPackageReference "realm-cocoa" */,
				636A9BE0254F64B70006EF83 /* XCRemoteSwiftPackageReference "Alamofire" */,
			);
			productRefGroup = 63FDD7A82450F6780073AAE5 /* Products */;
			projectDirPath = "";
			projectRoot = "";
			targets = (
				63FDD7A62450F6780073AAE5 /* MCChin */,
			);
		};
/* End PBXProject section */

/* Begin PBXResourcesBuildPhase section */
		63FDD7A52450F6780073AAE5 /* Resources */ = {
			isa = PBXResourcesBuildPhase;
			buildActionMask = 2147483647;
			files = (
				63FDD7B72450F67D0073AAE5 /* LaunchScreen.storyboard in Resources */,
				63FDD7B42450F67D0073AAE5 /* Assets.xcassets in Resources */,
				63FDD7B22450F6780073AAE5 /* Main.storyboard in Resources */,
			);
			runOnlyForDeploymentPostprocessing = 0;
		};
/* End PBXResourcesBuildPhase section */

/* Begin PBXSourcesBuildPhase section */
		63FDD7A32450F6780073AAE5 /* Sources */ = {
			isa = PBXSourcesBuildPhase;
			buildActionMask = 2147483647;
			files = (
				63FDD7AF2450F6780073AAE5 /* GamesViewController.swift in Sources */,
				63FDD7AB2450F6780073AAE5 /* AppDelegate.swift in Sources */,
				63FDD7AD2450F6780073AAE5 /* SceneDelegate.swift in Sources */,
				63A18F2324B1420000572A87 /* Database.swift in Sources */,
				6340A296249D393F0082C99B /* MunchkinViewController.swift in Sources */,
				63A9AF5A2548B35600FB2006 /* Network.swift in Sources */,
				63A18F2524B142AA00572A87 /* MafiaViewController.swift in Sources */,
				63D7FC8924D71509001E81DC /* GamesTableViewCell.swift in Sources */,
				63A18F2724B1431300572A87 /* RootViewController.swift in Sources */,
				63A18F2124B141F000572A87 /* MonopolyViewController.swift in Sources */,
				63E6AD792527847C00F33C0B /* Logic.swift in Sources */,
			);
			runOnlyForDeploymentPostprocessing = 0;
		};
/* End PBXSourcesBuildPhase section */

/* Begin PBXVariantGroup section */
		63FDD7B02450F6780073AAE5 /* Main.storyboard */ = {
			isa = PBXVariantGroup;
			children = (
				63FDD7B12450F6780073AAE5 /* Base */,
			);
			name = Main.storyboard;
			sourceTree = "<group>";
		};
		63FDD7B52450F67D0073AAE5 /* LaunchScreen.storyboard */ = {
			isa = PBXVariantGroup;
			children = (
				63FDD7B62450F67D0073AAE5 /* Base */,
			);
			name = LaunchScreen.storyboard;
			sourceTree = "<group>";
		};
/* End PBXVariantGroup section */

/* Begin XCBuildConfiguration section */
		63FDD7B92450F67D0073AAE5 /* Debug */ = {
			isa = XCBuildConfiguration;
			buildSettings = {
				ALWAYS_SEARCH_USER_PATHS = NO;
				CLANG_ANALYZER_NONNULL = YES;
				CLANG_ANALYZER_NUMBER_OBJECT_CONVERSION = YES_AGGRESSIVE;
				CLANG_CXX_LANGUAGE_STANDARD = "gnu++14";
				CLANG_CXX_LIBRARY = "libc++";
				CLANG_ENABLE_MODULES = YES;
				CLANG_ENABLE_OBJC_ARC = YES;
				CLANG_ENABLE_OBJC_WEAK = YES;
				CLANG_WARN_BLOCK_CAPTURE_AUTORELEASING = YES;
				CLANG_WARN_BOOL_CONVERSION = YES;
				CLANG_WARN_COMMA = YES;
				CLANG_WARN_CONSTANT_CONVERSION = YES;
				CLANG_WARN_DEPRECATED_OBJC_IMPLEMENTATIONS = YES;
				CLANG_WARN_DIRECT_OBJC_ISA_USAGE = YES_ERROR;
				CLANG_WARN_DOCUMENTATION_COMMENTS = YES;
				CLANG_WARN_EMPTY_BODY = YES;
				CLANG_WARN_ENUM_CONVERSION = YES;
				CLANG_WARN_INFINITE_RECURSION = YES;
				CLANG_WARN_INT_CONVERSION = YES;
				CLANG_WARN_NON_LITERAL_NULL_CONVERSION = YES;
				CLANG_WARN_OBJC_IMPLICIT_RETAIN_SELF = YES;
				CLANG_WARN_OBJC_LITERAL_CONVERSION = YES;
				CLANG_WARN_OBJC_ROOT_CLASS = YES_ERROR;
				CLANG_WARN_QUOTED_INCLUDE_IN_FRAMEWORK_HEADER = YES;
				CLANG_WARN_RANGE_LOOP_ANALYSIS = YES;
				CLANG_WARN_STRICT_PROTOTYPES = YES;
				CLANG_WARN_SUSPICIOUS_MOVE = YES;
				CLANG_WARN_UNGUARDED_AVAILABILITY = YES_AGGRESSIVE;
				CLANG_WARN_UNREACHABLE_CODE = YES;
				CLANG_WARN__DUPLICATE_METHOD_MATCH = YES;
				COPY_PHASE_STRIP = NO;
				DEBUG_INFORMATION_FORMAT = dwarf;
				ENABLE_STRICT_OBJC_MSGSEND = YES;
				ENABLE_TESTABILITY = YES;
				GCC_C_LANGUAGE_STANDARD = gnu11;
				GCC_DYNAMIC_NO_PIC = NO;
				GCC_NO_COMMON_BLOCKS = YES;
				GCC_OPTIMIZATION_LEVEL = 0;
				GCC_PREPROCESSOR_DEFINITIONS = (
					"DEBUG=1",
					"$(inherited)",
				);
				GCC_WARN_64_TO_32_BIT_CONVERSION = YES;
				GCC_WARN_ABOUT_RETURN_TYPE = YES_ERROR;
				GCC_WARN_UNDECLARED_SELECTOR = YES;
				GCC_WARN_UNINITIALIZED_AUTOS = YES_AGGRESSIVE;
				GCC_WARN_UNUSED_FUNCTION = YES;
				GCC_WARN_UNUSED_VARIABLE = YES;
				IPHONEOS_DEPLOYMENT_TARGET = 13.0;
				MTL_ENABLE_DEBUG_INFO = INCLUDE_SOURCE;
				MTL_FAST_MATH = YES;
				ONLY_ACTIVE_ARCH = YES;
				SDKROOT = iphoneos;
				SWIFT_ACTIVE_COMPILATION_CONDITIONS = DEBUG;
				SWIFT_OPTIMIZATION_LEVEL = "-Onone";
			};
			name = Debug;
		};
		63FDD7BA2450F67D0073AAE5 /* Release */ = {
			isa = XCBuildConfiguration;
			buildSettings = {
				ALWAYS_SEARCH_USER_PATHS = NO;
				CLANG_ANALYZER_NONNULL = YES;
				CLANG_ANALYZER_NUMBER_OBJECT_CONVERSION = YES_AGGRESSIVE;
				CLANG_CXX_LANGUAGE_STANDARD = "gnu++14";
				CLANG_CXX_LIBRARY = "libc++";
				CLANG_ENABLE_MODULES = YES;
				CLANG_ENABLE_OBJC_ARC = YES;
				CLANG_ENABLE_OBJC_WEAK = YES;
				CLANG_WARN_BLOCK_CAPTURE_AUTORELEASING = YES;
				CLANG_WARN_BOOL_CONVERSION = YES;
				CLANG_WARN_COMMA = YES;
				CLANG_WARN_CONSTANT_CONVERSION = YES;
				CLANG_WARN_DEPRECATED_OBJC_IMPLEMENTATIONS = YES;
				CLANG_WARN_DIRECT_OBJC_ISA_USAGE = YES_ERROR;
				CLANG_WARN_DOCUMENTATION_COMMENTS = YES;
				CLANG_WARN_EMPTY_BODY = YES;
				CLANG_WARN_ENUM_CONVERSION = YES;
				CLANG_WARN_INFINITE_RECURSION = YES;
				CLANG_WARN_INT_CONVERSION = YES;
				CLANG_WARN_NON_LITERAL_NULL_CONVERSION = YES;
				CLANG_WARN_OBJC_IMPLICIT_RETAIN_SELF = YES;
				CLANG_WARN_OBJC_LITERAL_CONVERSION = YES;
				CLANG_WARN_OBJC_ROOT_CLASS = YES_ERROR;
				CLANG_WARN_QUOTED_INCLUDE_IN_FRAMEWORK_HEADER = YES;
				CLANG_WARN_RANGE_LOOP_ANALYSIS = YES;
				CLANG_WARN_STRICT_PROTOTYPES = YES;
				CLANG_WARN_SUSPICIOUS_MOVE = YES;
				CLANG_WARN_UNGUARDED_AVAILABILITY = YES_AGGRESSIVE;
				CLANG_WARN_UNREACHABLE_CODE = YES;
				CLANG_WARN__DUPLICATE_METHOD_MATCH = YES;
				COPY_PHASE_STRIP = NO;
				DEBUG_INFORMATION_FORMAT = "dwarf-with-dsym";
				ENABLE_NS_ASSERTIONS = NO;
				ENABLE_STRICT_OBJC_MSGSEND = YES;
				GCC_C_LANGUAGE_STANDARD = gnu11;
				GCC_NO_COMMON_BLOCKS = YES;
				GCC_WARN_64_TO_32_BIT_CONVERSION = YES;
				GCC_WARN_ABOUT_RETURN_TYPE = YES_ERROR;
				GCC_WARN_UNDECLARED_SELECTOR = YES;
				GCC_WARN_UNINITIALIZED_AUTOS = YES_AGGRESSIVE;
				GCC_WARN_UNUSED_FUNCTION = YES;
				GCC_WARN_UNUSED_VARIABLE = YES;
				IPHONEOS_DEPLOYMENT_TARGET = 13.0;
				MTL_ENABLE_DEBUG_INFO = NO;
				MTL_FAST_MATH = YES;
				SDKROOT = iphoneos;
				SWIFT_COMPILATION_MODE = wholemodule;
				SWIFT_OPTIMIZATION_LEVEL = "-O";
				VALIDATE_PRODUCT = YES;
			};
			name = Release;
		};
		63FDD7BC2450F67D0073AAE5 /* Debug */ = {
			isa = XCBuildConfiguration;
			buildSettings = {
				ASSETCATALOG_COMPILER_APPICON_NAME = AppIcon;
				CODE_SIGN_STYLE = Automatic;
				CURRENT_PROJECT_VERSION = 1;
				DEVELOPMENT_TEAM = R3M5YPWPF7;
				INFOPLIST_FILE = MCChin/Info.plist;
				IPHONEOS_DEPLOYMENT_TARGET = 13.0;
				LD_RUNPATH_SEARCH_PATHS = (
					"$(inherited)",
					"@executable_path/Frameworks",
				);
				PRODUCT_BUNDLE_IDENTIFIER = papunidisdevelopment.MCChin;
				PRODUCT_NAME = "$(TARGET_NAME)";
				SWIFT_VERSION = 5.0;
				TARGETED_DEVICE_FAMILY = 1;
			};
			name = Debug;
		};
		63FDD7BD2450F67D0073AAE5 /* Release */ = {
			isa = XCBuildConfiguration;
			buildSettings = {
				ASSETCATALOG_COMPILER_APPICON_NAME = AppIcon;
				CODE_SIGN_STYLE = Automatic;
				CURRENT_PROJECT_VERSION = 1;
				DEVELOPMENT_TEAM = R3M5YPWPF7;
				INFOPLIST_FILE = MCChin/Info.plist;
				IPHONEOS_DEPLOYMENT_TARGET = 13.0;
				LD_RUNPATH_SEARCH_PATHS = (
					"$(inherited)",
					"@executable_path/Frameworks",
				);
				PRODUCT_BUNDLE_IDENTIFIER = papunidisdevelopment.MCChin;
				PRODUCT_NAME = "$(TARGET_NAME)";
				SWIFT_VERSION = 5.0;
				TARGETED_DEVICE_FAMILY = 1;
			};
			name = Release;
		};
/* End XCBuildConfiguration section */

/* Begin XCConfigurationList section */
		63FDD7A22450F6780073AAE5 /* Build configuration list for PBXProject "MCChin" */ = {
			isa = XCConfigurationList;
			buildConfigurations = (
				63FDD7B92450F67D0073AAE5 /* Debug */,
				63FDD7BA2450F67D0073AAE5 /* Release */,
			);
			defaultConfigurationIsVisible = 0;
			defaultConfigurationName = Release;
		};
		63FDD7BB2450F67D0073AAE5 /* Build configuration list for PBXNativeTarget "MCChin" */ = {
			isa = XCConfigurationList;
			buildConfigurations = (
				63FDD7BC2450F67D0073AAE5 /* Debug */,
				63FDD7BD2450F67D0073AAE5 /* Release */,
			);
			defaultConfigurationIsVisible = 0;
			defaultConfigurationName = Release;
		};
/* End XCConfigurationList section */

/* Begin XCRemoteSwiftPackageReference section */
		636A9BDA254F5E9B0006EF83 /* XCRemoteSwiftPackageReference "realm-cocoa" */ = {
			isa = XCRemoteSwiftPackageReference;
			repositoryURL = "https://github.com/realm/realm-cocoa.git";
			requirement = {
				kind = exactVersion;
				version = 5.5.0;
			};
		};
		636A9BE0254F64B70006EF83 /* XCRemoteSwiftPackageReference "Alamofire" */ = {
			isa = XCRemoteSwiftPackageReference;
			repositoryURL = "https://github.com/Alamofire/Alamofire.git";
			requirement = {
				kind = upToNextMinorVersion;
				minimumVersion = 5.3.0;
			};
		};
/* End XCRemoteSwiftPackageReference section */

/* Begin XCSwiftPackageProductDependency section */
		636A9BDB254F5E9B0006EF83 /* Realm */ = {
			isa = XCSwiftPackageProductDependency;
			package = 636A9BDA254F5E9B0006EF83 /* XCRemoteSwiftPackageReference "realm-cocoa" */;
			productName = Realm;
		};
		636A9BDD254F5E9B0006EF83 /* RealmSwift */ = {
			isa = XCSwiftPackageProductDependency;
			package = 636A9BDA254F5E9B0006EF83 /* XCRemoteSwiftPackageReference "realm-cocoa" */;
			productName = RealmSwift;
		};
		636A9BE1254F64B70006EF83 /* Alamofire */ = {
			isa = XCSwiftPackageProductDependency;
			package = 636A9BE0254F64B70006EF83 /* XCRemoteSwiftPackageReference "Alamofire" */;
			productName = Alamofire;
		};
/* End XCSwiftPackageProductDependency section */
	};
	rootObject = 63FDD79F2450F6780073AAE5 /* Project object */;
}
